
Microsoft Visual Studio Solution File, Format Version 12.00
# Visual Studio Version 17
VisualStudioVersion = 17.10.34916.146
MinimumVisualStudioVersion = 10.0.40219.1
Project("{FAE04EC0-301F-11D3-BF4B-00C04F79EFBC}") = "RestaurantPOS", "RestaurantPOS.csproj", "{F70264B2-7503-44BB-BC51-7EC0F4C40CF0}"
EndProject
Global
	GlobalSection(SolutionConfigurationPlatforms) = preSolution
		Debug|Any CPU = Debug|Any CPU
		Release|Any CPU = Release|Any CPU
	EndGlobalSection
	GlobalSection(ProjectConfigurationPlatforms) = postSolution
		{F70264B2-7503-44BB-BC51-7EC0F4C40CF0}.Debug|Any CPU.ActiveCfg = Debug|Any CPU
		{F70264B2-7503-44BB-BC51-7EC0F4C40CF0}.Debug|Any CPU.Build.0 = Debug|Any CPU
		{F70264B2-7503-44BB-BC51-7EC0F4C40CF0}.Debug|Any CPU.Deploy.0 = Debug|Any CPU
		{F70264B2-7503-44BB-BC51-7EC0F4C40CF0}.Release|Any CPU.ActiveCfg = Release|Any CPU
		{F70264B2-7503-44BB-BC51-7EC0F4C40CF0}.Release|Any CPU.Build.0 = Release|Any CPU
		{F70264B2-7503-44BB-BC51-7EC0F4C40CF0}.Release|Any CPU.Deploy.0 = Release|Any CPU
	EndGlobalSection
	GlobalSection(SolutionProperties) = preSolution
		HideSolutionNode = FALSE
	EndGlobalSection
	GlobalSection(ExtensibilityGlobals) = postSolution
		SolutionGuid = {CC13F01F-812C-47C6-BC72-EC7069C7F3B6}
	EndGlobalSection
EndGlobal
